
Microsoft Visual Studio Solution File, Format Version 12.00
# Visual Studio Version 16
VisualStudioVersion = 16.0.30104.148
MinimumVisualStudioVersion = 10.0.40219.1
Project("{FAE04EC0-301F-11D3-BF4B-00C04F79EFBC}") = "TJKaraokeTest", "TJKaraokeTest\TJKaraokeTest.csproj", "{A91AEBB8-9A0F-41E9-A905-8A306AF0D0DD}"
EndProject
Project("{FAE04EC0-301F-11D3-BF4B-00C04F79EFBC}") = "TJKaraoke", "TJKaraoke\TJKaraoke.csproj", "{1B9A2402-FB72-40BC-AF76-363D9402BFB1}"
EndProject
Project("{FAE04EC0-301F-11D3-BF4B-00C04F79EFBC}") = "TJOpenKaraoke", "TJOpenKaraoke\TJOpenKaraoke.csproj", "{A71C4FA4-C920-4998-B430-7DFE044810F7}"
EndProject
Global
	GlobalSection(SolutionConfigurationPlatforms) = preSolution
		Debug|Any CPU = Debug|Any CPU
		Release|Any CPU = Release|Any CPU
	EndGlobalSection
	GlobalSection(ProjectConfigurationPlatforms) = postSolution
		{A91AEBB8-9A0F-41E9-A905-8A306AF0D0DD}.Debug|Any CPU.ActiveCfg = Debug|Any CPU
		{A91AEBB8-9A0F-41E9-A905-8A306AF0D0DD}.Debug|Any CPU.Build.0 = Debug|Any CPU
		{A91AEBB8-9A0F-41E9-A905-8A306AF0D0DD}.Release|Any CPU.ActiveCfg = Release|Any CPU
		{A91AEBB8-9A0F-41E9-A905-8A306AF0D0DD}.Release|Any CPU.Build.0 = Release|Any CPU
		{1B9A2402-FB72-40BC-AF76-363D9402BFB1}.Debug|Any CPU.ActiveCfg = Debug|Any CPU
		{1B9A2402-FB72-40BC-AF76-363D9402BFB1}.Debug|Any CPU.Build.0 = Debug|Any CPU
		{1B9A2402-FB72-40BC-AF76-363D9402BFB1}.Release|Any CPU.ActiveCfg = Release|Any CPU
		{1B9A2402-FB72-40BC-AF76-363D9402BFB1}.Release|Any CPU.Build.0 = Release|Any CPU
		{A71C4FA4-C920-4998-B430-7DFE044810F7}.Debug|Any CPU.ActiveCfg = Debug|Any CPU
		{A71C4FA4-C920-4998-B430-7DFE044810F7}.Debug|Any CPU.Build.0 = Debug|Any CPU
		{A71C4FA4-C920-4998-B430-7DFE044810F7}.Release|Any CPU.ActiveCfg = Release|Any CPU
		{A71C4FA4-C920-4998-B430-7DFE044810F7}.Release|Any CPU.Build.0 = Release|Any CPU
	EndGlobalSection
	GlobalSection(SolutionProperties) = preSolution
		HideSolutionNode = FALSE
	EndGlobalSection
	GlobalSection(ExtensibilityGlobals) = postSolution
		SolutionGuid = {695459FC-37A7-404D-8F98-E96FE0D488CB}
	EndGlobalSection
EndGlobal
